
Microsoft Visual Studio Solution File, Format Version 12.00
# Visual Studio Version 17
VisualStudioVersion = 17.13.35919.96 d17.13
MinimumVisualStudioVersion = 10.0.40219.1
Project("{8BC9CEB8-8B4A-11D0-8D11-00A0C91BC942}") = "2024_2025_Final_Ornek_Sorular", "2024_2025_Final_Ornek_Sorular\2024_2025_Final_Ornek_Sorular.vcxproj", "{DD65FCD2-D5CB-451E-A110-7BBC8D8EDB62}"
EndProject
Project("{8BC9CEB8-8B4A-11D0-8D11-00A0C91BC942}") = "Soru1", "Soru1\Soru1.vcxproj", "{2281A3A8-CD8B-4636-AEC9-4DB9BEE5FA3D}"
EndProject
Project("{8BC9CEB8-8B4A-11D0-8D11-00A0C91BC942}") = "Soru2", "Soru2\Soru2.vcxproj", "{618B47BE-AA6F-471C-A2FF-85A0DA6680B0}"
EndProject
Project("{8BC9CEB8-8B4A-11D0-8D11-00A0C91BC942}") = "Soru3", "Soru3\Soru3.vcxproj", "{53BEF988-60AE-43F2-B079-2FA23794AC09}"
EndProject
Project("{8BC9CEB8-8B4A-11D0-8D11-00A0C91BC942}") = "Soru4", "Soru4\Soru4.vcxproj", "{B4066376-B064-4BB3-8739-079E07312F34}"
EndProject
Project("{8BC9CEB8-8B4A-11D0-8D11-00A0C91BC942}") = "Soru5", "Soru5\Soru5.vcxproj", "{835DD590-7095-437A-917E-879775C3C7DC}"
EndProject
Project("{8BC9CEB8-8B4A-11D0-8D11-00A0C91BC942}") = "Soru6", "Soru6\Soru6.vcxproj", "{9740999F-9E48-4996-8F23-3FD5BBDDC95E}"
EndProject
Project("{8BC9CEB8-8B4A-11D0-8D11-00A0C91BC942}") = "Soru7", "Soru7\Soru7.vcxproj", "{7AAC09C3-579C-4BCB-BEA4-15D4C5994E8F}"
EndProject
Project("{8BC9CEB8-8B4A-11D0-8D11-00A0C91BC942}") = "Soru8", "Soru8\Soru8.vcxproj", "{0389BD34-FFC9-47CF-AE92-330464DD05AE}"
EndProject
Project("{8BC9CEB8-8B4A-11D0-8D11-00A0C91BC942}") = "Soru9", "Soru9\Soru9.vcxproj", "{BB8DCAA4-8E9A-41B7-B848-629F259D8863}"
EndProject
Project("{8BC9CEB8-8B4A-11D0-8D11-00A0C91BC942}") = "Soru10", "Soru10\Soru10.vcxproj", "{0668DD30-F619-45E1-A3F5-0D77C57627B5}"
EndProject
Project("{8BC9CEB8-8B4A-11D0-8D11-00A0C91BC942}") = "Soru11", "Soru11\Soru11.vcxproj", "{C8CBD6ED-A3FE-4DB9-82D5-231A0882763A}"
EndProject
Global
	GlobalSection(SolutionConfigurationPlatforms) = preSolution
		Debug|x64 = Debug|x64
		Debug|x86 = Debug|x86
		Release|x64 = Release|x64
		Release|x86 = Release|x86
	EndGlobalSection
	GlobalSection(ProjectConfigurationPlatforms) = postSolution
		{DD65FCD2-D5CB-451E-A110-7BBC8D8EDB62}.Debug|x64.ActiveCfg = Debug|x64
		{DD65FCD2-D5CB-451E-A110-7BBC8D8EDB62}.Debug|x64.Build.0 = Debug|x64
		{DD65FCD2-D5CB-451E-A110-7BBC8D8EDB62}.Debug|x86.ActiveCfg = Debug|Win32
		{DD65FCD2-D5CB-451E-A110-7BBC8D8EDB62}.Debug|x86.Build.0 = Debug|Win32
		{DD65FCD2-D5CB-451E-A110-7BBC8D8EDB62}.Release|x64.ActiveCfg = Release|x64
		{DD65FCD2-D5CB-451E-A110-7BBC8D8EDB62}.Release|x64.Build.0 = Release|x64
		{DD65FCD2-D5CB-451E-A110-7BBC8D8EDB62}.Release|x86.ActiveCfg = Release|Win32
		{DD65FCD2-D5CB-451E-A110-7BBC8D8EDB62}.Release|x86.Build.0 = Release|Win32
		{2281A3A8-CD8B-4636-AEC9-4DB9BEE5FA3D}.Debug|x64.ActiveCfg = Debug|x64
		{2281A3A8-CD8B-4636-AEC9-4DB9BEE5FA3D}.Debug|x64.Build.0 = Debug|x64
		{2281A3A8-CD8B-4636-AEC9-4DB9BEE5FA3D}.Debug|x86.ActiveCfg = Debug|Win32
		{2281A3A8-CD8B-4636-AEC9-4DB9BEE5FA3D}.Debug|x86.Build.0 = Debug|Win32
		{2281A3A8-CD8B-4636-AEC9-4DB9BEE5FA3D}.Release|x64.ActiveCfg = Release|x64
		{2281A3A8-CD8B-4636-AEC9-4DB9BEE5FA3D}.Release|x64.Build.0 = Release|x64
		{2281A3A8-CD8B-4636-AEC9-4DB9BEE5FA3D}.Release|x86.ActiveCfg = Release|Win32
		{2281A3A8-CD8B-4636-AEC9-4DB9BEE5FA3D}.Release|x86.Build.0 = Release|Win32
		{618B47BE-AA6F-471C-A2FF-85A0DA6680B0}.Debug|x64.ActiveCfg = Debug|x64
		{618B47BE-AA6F-471C-A2FF-85A0DA6680B0}.Debug|x64.Build.0 = Debug|x64
		{618B47BE-AA6F-471C-A2FF-85A0DA6680B0}.Debug|x86.ActiveCfg = Debug|Win32
		{618B47BE-AA6F-471C-A2FF-85A0DA6680B0}.Debug|x86.Build.0 = Debug|Win32
		{618B47BE-AA6F-471C-A2FF-85A0DA6680B0}.Release|x64.ActiveCfg = Release|x64
		{618B47BE-AA6F-471C-A2FF-85A0DA6680B0}.Release|x64.Build.0 = Release|x64
		{618B47BE-AA6F-471C-A2FF-85A0DA6680B0}.Release|x86.ActiveCfg = Release|Win32
		{618B47BE-AA6F-471C-A2FF-85A0DA6680B0}.Release|x86.Build.0 = Release|Win32
		{53BEF988-60AE-43F2-B079-2FA23794AC09}.Debug|x64.ActiveCfg = Debug|x64
		{53BEF988-60AE-43F2-B079-2FA23794AC09}.Debug|x64.Build.0 = Debug|x64
		{53BEF988-60AE-43F2-B079-2FA23794AC09}.Debug|x86.ActiveCfg = Debug|Win32
		{53BEF988-60AE-43F2-B079-2FA23794AC09}.Debug|x86.Build.0 = Debug|Win32
		{53BEF988-60AE-43F2-B079-2FA23794AC09}.Release|x64.ActiveCfg = Release|x64
		{53BEF988-60AE-43F2-B079-2FA23794AC09}.Release|x64.Build.0 = Release|x64
		{53BEF988-60AE-43F2-B079-2FA23794AC09}.Release|x86.ActiveCfg = Release|Win32
		{53BEF988-60AE-43F2-B079-2FA23794AC09}.Release|x86.Build.0 = Release|Win32
		{B4066376-B064-4BB3-8739-079E07312F34}.Debug|x64.ActiveCfg = Debug|x64
		{B4066376-B064-4BB3-8739-079E07312F34}.Debug|x64.Build.0 = Debug|x64
		{B4066376-B064-4BB3-8739-079E07312F34}.Debug|x86.ActiveCfg = Debug|Win32
		{B4066376-B064-4BB3-8739-079E07312F34}.Debug|x86.Build.0 = Debug|Win32
		{B4066376-B064-4BB3-8739-079E07312F34}.Release|x64.ActiveCfg = Release|x64
		{B4066376-B064-4BB3-8739-079E07312F34}.Release|x64.Build.0 = Release|x64
		{B4066376-B064-4BB3-8739-079E07312F34}.Release|x86.ActiveCfg = Release|Win32
		{B4066376-B064-4BB3-8739-079E07312F34}.Release|x86.Build.0 = Release|Win32
		{835DD590-7095-437A-917E-879775C3C7DC}.Debug|x64.ActiveCfg = Debug|x64
		{835DD590-7095-437A-917E-879775C3C7DC}.Debug|x64.Build.0 = Debug|x64
		{835DD590-7095-437A-917E-879775C3C7DC}.Debug|x86.ActiveCfg = Debug|Win32
		{835DD590-7095-437A-917E-879775C3C7DC}.Debug|x86.Build.0 = Debug|Win32
		{835DD590-7095-437A-917E-879775C3C7DC}.Release|x64.ActiveCfg = Release|x64
		{835DD590-7095-437A-917E-879775C3C7DC}.Release|x64.Build.0 = Release|x64
		{835DD590-7095-437A-917E-879775C3C7DC}.Release|x86.ActiveCfg = Release|Win32
		{835DD590-7095-437A-917E-879775C3C7DC}.Release|x86.Build.0 = Release|Win32
		{9740999F-9E48-4996-8F23-3FD5BBDDC95E}.Debug|x64.ActiveCfg = Debug|x64
		{9740999F-9E48-4996-8F23-3FD5BBDDC95E}.Debug|x64.Build.0 = Debug|x64
		{9740999F-9E48-4996-8F23-3FD5BBDDC95E}.Debug|x86.ActiveCfg = Debug|Win32
		{9740999F-9E48-4996-8F23-3FD5BBDDC95E}.Debug|x86.Build.0 = Debug|Win32
		{9740999F-9E48-4996-8F23-3FD5BBDDC95E}.Release|x64.ActiveCfg = Release|x64
		{9740999F-9E48-4996-8F23-3FD5BBDDC95E}.Release|x64.Build.0 = Release|x64
		{9740999F-9E48-4996-8F23-3FD5BBDDC95E}.Release|x86.ActiveCfg = Release|Win32
		{9740999F-9E48-4996-8F23-3FD5BBDDC95E}.Release|x86.Build.0 = Release|Win32
		{7AAC09C3-579C-4BCB-BEA4-15D4C5994E8F}.Debug|x64.ActiveCfg = Debug|x64
		{7AAC09C3-579C-4BCB-BEA4-15D4C5994E8F}.Debug|x64.Build.0 = Debug|x64
		{7AAC09C3-579C-4BCB-BEA4-15D4C5994E8F}.Debug|x86.ActiveCfg = Debug|Win32
		{7AAC09C3-579C-4BCB-BEA4-15D4C5994E8F}.Debug|x86.Build.0 = Debug|Win32
		{7AAC09C3-579C-4BCB-BEA4-15D4C5994E8F}.Release|x64.ActiveCfg = Release|x64
		{7AAC09C3-579C-4BCB-BEA4-15D4C5994E8F}.Release|x64.Build.0 = Release|x64
		{7AAC09C3-579C-4BCB-BEA4-15D4C5994E8F}.Release|x86.ActiveCfg = Release|Win32
		{7AAC09C3-579C-4BCB-BEA4-15D4C5994E8F}.Release|x86.Build.0 = Release|Win32
		{0389BD34-FFC9-47CF-AE92-330464DD05AE}.Debug|x64.ActiveCfg = Debug|x64
		{0389BD34-FFC9-47CF-AE92-330464DD05AE}.Debug|x64.Build.0 = Debug|x64
		{0389BD34-FFC9-47CF-AE92-330464DD05AE}.Debug|x86.ActiveCfg = Debug|Win32
		{0389BD34-FFC9-47CF-AE92-330464DD05AE}.Debug|x86.Build.0 = Debug|Win32
		{0389BD34-FFC9-47CF-AE92-330464DD05AE}.Release|x64.ActiveCfg = Release|x64
		{0389BD34-FFC9-47CF-AE92-330464DD05AE}.Release|x64.Build.0 = Release|x64
		{0389BD34-FFC9-47CF-AE92-330464DD05AE}.Release|x86.ActiveCfg = Release|Win32
		{0389BD34-FFC9-47CF-AE92-330464DD05AE}.Release|x86.Build.0 = Release|Win32
		{BB8DCAA4-8E9A-41B7-B848-629F259D8863}.Debug|x64.ActiveCfg = Debug|x64
		{BB8DCAA4-8E9A-41B7-B848-629F259D8863}.Debug|x64.Build.0 = Debug|x64
		{BB8DCAA4-8E9A-41B7-B848-629F259D8863}.Debug|x86.ActiveCfg = Debug|Win32
		{BB8DCAA4-8E9A-41B7-B848-629F259D8863}.Debug|x86.Build.0 = Debug|Win32
		{BB8DCAA4-8E9A-41B7-B848-629F259D8863}.Release|x64.ActiveCfg = Release|x64
		{BB8DCAA4-8E9A-41B7-B848-629F259D8863}.Release|x64.Build.0 = Release|x64
		{BB8DCAA4-8E9A-41B7-B848-629F259D8863}.Release|x86.ActiveCfg = Release|Win32
		{BB8DCAA4-8E9A-41B7-B848-629F259D8863}.Release|x86.Build.0 = Release|Win32
		{0668DD30-F619-45E1-A3F5-0D77C57627B5}.Debug|x64.ActiveCfg = Debug|x64
		{0668DD30-F619-45E1-A3F5-0D77C57627B5}.Debug|x64.Build.0 = Debug|x64
		{0668DD30-F619-45E1-A3F5-0D77C57627B5}.Debug|x86.ActiveCfg = Debug|Win32
		{0668DD30-F619-45E1-A3F5-0D77C57627B5}.Debug|x86.Build.0 = Debug|Win32
		{0668DD30-F619-45E1-A3F5-0D77C57627B5}.Release|x64.ActiveCfg = Release|x64
		{0668DD30-F619-45E1-A3F5-0D77C57627B5}.Release|x64.Build.0 = Release|x64
		{0668DD30-F619-45E1-A3F5-0D77C57627B5}.Release|x86.ActiveCfg = Release|Win32
		{0668DD30-F619-45E1-A3F5-0D77C57627B5}.Release|x86.Build.0 = Release|Win32
		{C8CBD6ED-A3FE-4DB9-82D5-231A0882763A}.Debug|x64.ActiveCfg = Debug|x64
		{C8CBD6ED-A3FE-4DB9-82D5-231A0882763A}.Debug|x64.Build.0 = Debug|x64
		{C8CBD6ED-A3FE-4DB9-82D5-231A0882763A}.Debug|x86.ActiveCfg = Debug|Win32
		{C8CBD6ED-A3FE-4DB9-82D5-231A0882763A}.Debug|x86.Build.0 = Debug|Win32
		{C8CBD6ED-A3FE-4DB9-82D5-231A0882763A}.Release|x64.ActiveCfg = Release|x64
		{C8CBD6ED-A3FE-4DB9-82D5-231A0882763A}.Release|x64.Build.0 = Release|x64
		{C8CBD6ED-A3FE-4DB9-82D5-231A0882763A}.Release|x86.ActiveCfg = Release|Win32
		{C8CBD6ED-A3FE-4DB9-82D5-231A0882763A}.Release|x86.Build.0 = Release|Win32
	EndGlobalSection
	GlobalSection(SolutionProperties) = preSolution
		HideSolutionNode = FALSE
	EndGlobalSection
	GlobalSection(ExtensibilityGlobals) = postSolution
		SolutionGuid = {641F09BD-C538-4D89-A168-28A95A6DEA9D}
	EndGlobalSection
EndGlobal
